
Microsoft Visual Studio Solution File, Format Version 12.00
# Visual Studio 14
VisualStudioVersion = 14.0.25420.1
MinimumVisualStudioVersion = 10.0.40219.1
Project("{FAE04EC0-301F-11D3-BF4B-00C04F79EFBC}") = "CAB201_Assignment1", "CAB201_Assignment1\CAB201_Assignment1.csproj", "{ECE1F42E-A6AF-4B20-9278-D487055F8DB2}"
EndProject
Global
	GlobalSection(SolutionConfigurationPlatforms) = preSolution
		Debug|Any CPU = Debug|Any CPU
		Release|Any CPU = Release|Any CPU
	EndGlobalSection
	GlobalSection(ProjectConfigurationPlatforms) = postSolution
		{ECE1F42E-A6AF-4B20-9278-D487055F8DB2}.Debug|Any CPU.ActiveCfg = Debug|Any CPU
		{ECE1F42E-A6AF-4B20-9278-D487055F8DB2}.Debug|Any CPU.Build.0 = Debug|Any CPU
		{ECE1F42E-A6AF-4B20-9278-D487055F8DB2}.Release|Any CPU.ActiveCfg = Release|Any CPU
		{ECE1F42E-A6AF-4B20-9278-D487055F8DB2}.Release|Any CPU.Build.0 = Release|Any CPU
	EndGlobalSection
	GlobalSection(SolutionProperties) = preSolution
		HideSolutionNode = FALSE
	EndGlobalSection
EndGlobal
